// !$*UTF8*$!
{
	archiveVersion = 1;
	classes = {
	};
	objectVersion = 56;
	objects = {

/* Begin PBXBuildFile section */
		A00100000000000000000001 /* AgentMonitorApp.swift in Sources */ = {isa = PBXBuildFile; fileRef = B00100000000000000000001 /* AgentMonitorApp.swift */; };
		A00200000000000000000001 /* MenuBarContentView.swift in Sources */ = {isa = PBXBuildFile; fileRef = B00200000000000000000001 /* MenuBarContentView.swift */; };
		A10100000000000000000001 /* ListeningEndpoint.swift in Sources */ = {isa = PBXBuildFile; fileRef = B10100000000000000000001 /* ListeningEndpoint.swift */; };
		A10200000000000000000001 /* MonitoredProcess.swift in Sources */ = {isa = PBXBuildFile; fileRef = B10200000000000000000001 /* MonitoredProcess.swift */; };
		A10300000000000000000001 /* MonitoredService.swift in Sources */ = {isa = PBXBuildFile; fileRef = B10300000000000000000001 /* MonitoredService.swift */; };
		A10400000000000000000001 /* PortCollecting.swift in Sources */ = {isa = PBXBuildFile; fileRef = B10400000000000000000001 /* PortCollecting.swift */; };
		A10500000000000000000001 /* LsofFieldParser.swift in Sources */ = {isa = PBXBuildFile; fileRef = B10500000000000000000001 /* LsofFieldParser.swift */; };
		A10600000000000000000001 /* SystemCommandRunner.swift in Sources */ = {isa = PBXBuildFile; fileRef = B10600000000000000000001 /* SystemCommandRunner.swift */; };
		A10700000000000000000001 /* LsofPortCollector.swift in Sources */ = {isa = PBXBuildFile; fileRef = B10700000000000000000001 /* LsofPortCollector.swift */; };
		A10800000000000000000001 /* DarwinProcessCollector.swift in Sources */ = {isa = PBXBuildFile; fileRef = B10800000000000000000001 /* DarwinProcessCollector.swift */; };
		A10900000000000000000001 /* LaunchAgentCollector.swift in Sources */ = {isa = PBXBuildFile; fileRef = B10900000000000000000001 /* LaunchAgentCollector.swift */; };
		A11000000000000000000001 /* ProjectResolver.swift in Sources */ = {isa = PBXBuildFile; fileRef = B11000000000000000000001 /* ProjectResolver.swift */; };
		A11100000000000000000001 /* ServiceDiscovery.swift in Sources */ = {isa = PBXBuildFile; fileRef = B11100000000000000000001 /* ServiceDiscovery.swift */; };
		A11200000000000000000001 /* MonitorStore.swift in Sources */ = {isa = PBXBuildFile; fileRef = B11200000000000000000001 /* MonitorStore.swift */; };
		A11300000000000000000001 /* ServiceStopController.swift in Sources */ = {isa = PBXBuildFile; fileRef = B11300000000000000000001 /* ServiceStopController.swift */; };
		A20100000000000000000001 /* LsofFieldParserTests.swift in Sources */ = {isa = PBXBuildFile; fileRef = B20100000000000000000001 /* LsofFieldParserTests.swift */; };
		A20200000000000000000001 /* SystemCommandRunnerTests.swift in Sources */ = {isa = PBXBuildFile; fileRef = B20300000000000000000001 /* SystemCommandRunnerTests.swift */; };
		A20300000000000000000001 /* LsofPortCollectorTests.swift in Sources */ = {isa = PBXBuildFile; fileRef = B20400000000000000000001 /* LsofPortCollectorTests.swift */; };
		A20400000000000000000001 /* DarwinProcessCollectorTests.swift in Sources */ = {isa = PBXBuildFile; fileRef = B20500000000000000000001 /* DarwinProcessCollectorTests.swift */; };
		A20500000000000000000001 /* LaunchAgentCollectorTests.swift in Sources */ = {isa = PBXBuildFile; fileRef = B20600000000000000000001 /* LaunchAgentCollectorTests.swift */; };
		A20600000000000000000001 /* ProjectResolverTests.swift in Sources */ = {isa = PBXBuildFile; fileRef = B20700000000000000000001 /* ProjectResolverTests.swift */; };
		A20700000000000000000001 /* ServiceDiscoveryTests.swift in Sources */ = {isa = PBXBuildFile; fileRef = B20800000000000000000001 /* ServiceDiscoveryTests.swift */; };
		A20800000000000000000001 /* MonitorStoreTests.swift in Sources */ = {isa = PBXBuildFile; fileRef = B20900000000000000000001 /* MonitorStoreTests.swift */; };
		A20900000000000000000001 /* ServiceStopControllerTests.swift in Sources */ = {isa = PBXBuildFile; fileRef = B21000000000000000000001 /* ServiceStopControllerTests.swift */; };
/* End PBXBuildFile section */

/* Begin PBXContainerItemProxy section */
		J00100000000000000000001 /* PBXContainerItemProxy */ = {
			isa = PBXContainerItemProxy;
			containerPortal = F00100000000000000000001 /* Project object */;
			proxyType = 1;
			remoteGlobalIDString = E00100000000000000000001;
			remoteInfo = AgentMonitor;
		};
/* End PBXContainerItemProxy section */

/* Begin PBXFileReference section */
		B00100000000000000000001 /* AgentMonitorApp.swift */ = {isa = PBXFileReference; lastKnownFileType = sourcecode.swift; path = AgentMonitorApp.swift; sourceTree = "<group>"; };
		B00200000000000000000001 /* MenuBarContentView.swift */ = {isa = PBXFileReference; lastKnownFileType = sourcecode.swift; path = MenuBarContentView.swift; sourceTree = "<group>"; };
		B00300000000000000000001 /* AgentMonitor.app */ = {isa = PBXFileReference; explicitFileType = wrapper.application; includeInIndex = 0; path = AgentMonitor.app; sourceTree = BUILT_PRODUCTS_DIR; };
		B10100000000000000000001 /* ListeningEndpoint.swift */ = {isa = PBXFileReference; lastKnownFileType = sourcecode.swift; path = ListeningEndpoint.swift; sourceTree = "<group>"; };
		B10200000000000000000001 /* MonitoredProcess.swift */ = {isa = PBXFileReference; lastKnownFileType = sourcecode.swift; path = MonitoredProcess.swift; sourceTree = "<group>"; };
		B10300000000000000000001 /* MonitoredService.swift */ = {isa = PBXFileReference; lastKnownFileType = sourcecode.swift; path = MonitoredService.swift; sourceTree = "<group>"; };
		B10400000000000000000001 /* PortCollecting.swift */ = {isa = PBXFileReference; lastKnownFileType = sourcecode.swift; path = PortCollecting.swift; sourceTree = "<group>"; };
		B10500000000000000000001 /* LsofFieldParser.swift */ = {isa = PBXFileReference; lastKnownFileType = sourcecode.swift; path = LsofFieldParser.swift; sourceTree = "<group>"; };
		B10600000000000000000001 /* SystemCommandRunner.swift */ = {isa = PBXFileReference; lastKnownFileType = sourcecode.swift; path = SystemCommandRunner.swift; sourceTree = "<group>"; };
		B10700000000000000000001 /* LsofPortCollector.swift */ = {isa = PBXFileReference; lastKnownFileType = sourcecode.swift; path = LsofPortCollector.swift; sourceTree = "<group>"; };
		B10800000000000000000001 /* DarwinProcessCollector.swift */ = {isa = PBXFileReference; lastKnownFileType = sourcecode.swift; path = DarwinProcessCollector.swift; sourceTree = "<group>"; };
		B10900000000000000000001 /* LaunchAgentCollector.swift */ = {isa = PBXFileReference; lastKnownFileType = sourcecode.swift; path = LaunchAgentCollector.swift; sourceTree = "<group>"; };
		B11000000000000000000001 /* ProjectResolver.swift */ = {isa = PBXFileReference; lastKnownFileType = sourcecode.swift; path = ProjectResolver.swift; sourceTree = "<group>"; };
		B11100000000000000000001 /* ServiceDiscovery.swift */ = {isa = PBXFileReference; lastKnownFileType = sourcecode.swift; path = ServiceDiscovery.swift; sourceTree = "<group>"; };
		B11200000000000000000001 /* MonitorStore.swift */ = {isa = PBXFileReference; lastKnownFileType = sourcecode.swift; path = MonitorStore.swift; sourceTree = "<group>"; };
		B11300000000000000000001 /* ServiceStopController.swift */ = {isa = PBXFileReference; lastKnownFileType = sourcecode.swift; path = ServiceStopController.swift; sourceTree = "<group>"; };
		B20100000000000000000001 /* LsofFieldParserTests.swift */ = {isa = PBXFileReference; lastKnownFileType = sourcecode.swift; path = LsofFieldParserTests.swift; sourceTree = "<group>"; };
		B20200000000000000000001 /* AgentMonitorTests.xctest */ = {isa = PBXFileReference; explicitFileType = wrapper.cfbundle; includeInIndex = 0; path = AgentMonitorTests.xctest; sourceTree = BUILT_PRODUCTS_DIR; };
		B20300000000000000000001 /* SystemCommandRunnerTests.swift */ = {isa = PBXFileReference; lastKnownFileType = sourcecode.swift; path = SystemCommandRunnerTests.swift; sourceTree = "<group>"; };
		B20400000000000000000001 /* LsofPortCollectorTests.swift */ = {isa = PBXFileReference; lastKnownFileType = sourcecode.swift; path = LsofPortCollectorTests.swift; sourceTree = "<group>"; };
		B20500000000000000000001 /* DarwinProcessCollectorTests.swift */ = {isa = PBXFileReference; lastKnownFileType = sourcecode.swift; path = DarwinProcessCollectorTests.swift; sourceTree = "<group>"; };
		B20600000000000000000001 /* LaunchAgentCollectorTests.swift */ = {isa = PBXFileReference; lastKnownFileType = sourcecode.swift; path = LaunchAgentCollectorTests.swift; sourceTree = "<group>"; };
		B20700000000000000000001 /* ProjectResolverTests.swift */ = {isa = PBXFileReference; lastKnownFileType = sourcecode.swift; path = ProjectResolverTests.swift; sourceTree = "<group>"; };
		B20800000000000000000001 /* ServiceDiscoveryTests.swift */ = {isa = PBXFileReference; lastKnownFileType = sourcecode.swift; path = ServiceDiscoveryTests.swift; sourceTree = "<group>"; };
		B20900000000000000000001 /* MonitorStoreTests.swift */ = {isa = PBXFileReference; lastKnownFileType = sourcecode.swift; path = MonitorStoreTests.swift; sourceTree = "<group>"; };
		B21000000000000000000001 /* ServiceStopControllerTests.swift */ = {isa = PBXFileReference; lastKnownFileType = sourcecode.swift; path = ServiceStopControllerTests.swift; sourceTree = "<group>"; };
/* End PBXFileReference section */

/* Begin PBXFrameworksBuildPhase section */
		D00200000000000000000001 /* Frameworks */ = {
			isa = PBXFrameworksBuildPhase;
			buildActionMask = 2147483647;
			files = (
			);
			runOnlyForDeploymentPostprocessing = 0;
		};
		D20200000000000000000001 /* Frameworks */ = {
			isa = PBXFrameworksBuildPhase;
			buildActionMask = 2147483647;
			files = (
			);
			runOnlyForDeploymentPostprocessing = 0;
		};
/* End PBXFrameworksBuildPhase section */

/* Begin PBXGroup section */
		C00100000000000000000001 = {
			isa = PBXGroup;
			children = (
				C00200000000000000000001 /* AgentMonitor */,
				C10100000000000000000001 /* Core */,
				C20100000000000000000001 /* AgentMonitorTests */,
				C00300000000000000000001 /* Products */,
			);
			sourceTree = "<group>";
		};
		C00200000000000000000001 /* AgentMonitor */ = {
			isa = PBXGroup;
			children = (
				B00100000000000000000001 /* AgentMonitorApp.swift */,
				B00200000000000000000001 /* MenuBarContentView.swift */,
			);
			path = AgentMonitor/App;
			sourceTree = "<group>";
		};
		C00300000000000000000001 /* Products */ = {
			isa = PBXGroup;
			children = (
				B00300000000000000000001 /* AgentMonitor.app */,
				B20200000000000000000001 /* AgentMonitorTests.xctest */,
			);
			name = Products;
			sourceTree = "<group>";
		};
		C10100000000000000000001 /* Core */ = {
			isa = PBXGroup;
			children = (
				C10200000000000000000001 /* Models */,
				C10300000000000000000001 /* Ports */,
				C10400000000000000000001 /* Collectors */,
				C10500000000000000000001 /* System */,
				C10600000000000000000001 /* Discovery */,
				C10700000000000000000001 /* State */,
			);
			path = AgentMonitor/Core;
			sourceTree = "<group>";
		};
		C10200000000000000000001 /* Models */ = {
			isa = PBXGroup;
			children = (
				B10100000000000000000001 /* ListeningEndpoint.swift */,
				B10200000000000000000001 /* MonitoredProcess.swift */,
				B10300000000000000000001 /* MonitoredService.swift */,
			);
			path = Models;
			sourceTree = "<group>";
		};
		C10300000000000000000001 /* Ports */ = {
			isa = PBXGroup;
			children = (
				B10400000000000000000001 /* PortCollecting.swift */,
				B10500000000000000000001 /* LsofFieldParser.swift */,
				B10700000000000000000001 /* LsofPortCollector.swift */,
			);
			path = Ports;
			sourceTree = "<group>";
		};
		C10400000000000000000001 /* Collectors */ = {
			isa = PBXGroup;
			children = (
				B10800000000000000000001 /* DarwinProcessCollector.swift */,
				B10900000000000000000001 /* LaunchAgentCollector.swift */,
			);
			path = Collectors;
			sourceTree = "<group>";
		};
		C10500000000000000000001 /* System */ = {
			isa = PBXGroup;
			children = (
				B10600000000000000000001 /* SystemCommandRunner.swift */,
				B11300000000000000000001 /* ServiceStopController.swift */,
			);
			path = System;
			sourceTree = "<group>";
		};
		C10600000000000000000001 /* Discovery */ = {
			isa = PBXGroup;
			children = (
				B11000000000000000000001 /* ProjectResolver.swift */,
				B11100000000000000000001 /* ServiceDiscovery.swift */,
			);
			path = Discovery;
			sourceTree = "<group>";
		};
		C10700000000000000000001 /* State */ = {
			isa = PBXGroup;
			children = (
				B11200000000000000000001 /* MonitorStore.swift */,
			);
			path = State;
			sourceTree = "<group>";
		};
		C20100000000000000000001 /* AgentMonitorTests */ = {
			isa = PBXGroup;
			children = (
				B20100000000000000000001 /* LsofFieldParserTests.swift */,
				B20300000000000000000001 /* SystemCommandRunnerTests.swift */,
				B20400000000000000000001 /* LsofPortCollectorTests.swift */,
				B20500000000000000000001 /* DarwinProcessCollectorTests.swift */,
				B20600000000000000000001 /* LaunchAgentCollectorTests.swift */,
				B20700000000000000000001 /* ProjectResolverTests.swift */,
				B20800000000000000000001 /* ServiceDiscoveryTests.swift */,
				B20900000000000000000001 /* MonitorStoreTests.swift */,
				B21000000000000000000001 /* ServiceStopControllerTests.swift */,
			);
			path = AgentMonitorTests;
			sourceTree = "<group>";
		};
/* End PBXGroup section */

/* Begin PBXNativeTarget section */
		E00100000000000000000001 /* AgentMonitor */ = {
			isa = PBXNativeTarget;
			buildConfigurationList = H00200000000000000000001 /* Build configuration list for PBXNativeTarget "AgentMonitor" */;
			buildPhases = (
				D00100000000000000000001 /* Sources */,
				D00200000000000000000001 /* Frameworks */,
				D00300000000000000000001 /* Resources */,
			);
			buildRules = (
			);
			dependencies = (
			);
			name = AgentMonitor;
			productName = AgentMonitor;
			productReference = B00300000000000000000001 /* AgentMonitor.app */;
			productType = "com.apple.product-type.application";
		};
		E00200000000000000000001 /* AgentMonitorTests */ = {
			isa = PBXNativeTarget;
			buildConfigurationList = H00300000000000000000001 /* Build configuration list for PBXNativeTarget "AgentMonitorTests" */;
			buildPhases = (
				D20100000000000000000001 /* Sources */,
				D20200000000000000000001 /* Frameworks */,
				D20300000000000000000001 /* Resources */,
			);
			buildRules = (
			);
			dependencies = (
				K00100000000000000000001 /* PBXTargetDependency */,
			);
			name = AgentMonitorTests;
			productName = AgentMonitorTests;
			productReference = B20200000000000000000001 /* AgentMonitorTests.xctest */;
			productType = "com.apple.product-type.bundle.unit-test";
		};
/* End PBXNativeTarget section */

/* Begin PBXProject section */
		F00100000000000000000001 /* Project object */ = {
			isa = PBXProject;
			attributes = {
				BuildIndependentTargetsInParallel = 1;
				LastSwiftUpdateCheck = 2600;
				LastUpgradeCheck = 2600;
				TargetAttributes = {
					E00100000000000000000001 = {
						CreatedOnToolsVersion = 26.0;
					};
					E00200000000000000000001 = {
						CreatedOnToolsVersion = 26.0;
						TestTargetID = E00100000000000000000001;
					};
				};
			};
			buildConfigurationList = H00100000000000000000001 /* Build configuration list for PBXProject "AgentMonitor" */;
			compatibilityVersion = "Xcode 14.0";
			developmentRegion = en;
			hasScannedForEncodings = 0;
			knownRegions = (
				en,
				Base,
			);
			mainGroup = C00100000000000000000001;
			productRefGroup = C00300000000000000000001 /* Products */;
			projectDirPath = "";
			projectRoot = "";
			targets = (
				E00100000000000000000001 /* AgentMonitor */,
				E00200000000000000000001 /* AgentMonitorTests */,
			);
		};
/* End PBXProject section */

/* Begin PBXResourcesBuildPhase section */
		D00300000000000000000001 /* Resources */ = {
			isa = PBXResourcesBuildPhase;
			buildActionMask = 2147483647;
			files = (
			);
			runOnlyForDeploymentPostprocessing = 0;
		};
		D20300000000000000000001 /* Resources */ = {
			isa = PBXResourcesBuildPhase;
			buildActionMask = 2147483647;
			files = (
			);
			runOnlyForDeploymentPostprocessing = 0;
		};
/* End PBXResourcesBuildPhase section */

/* Begin PBXSourcesBuildPhase section */
		D00100000000000000000001 /* Sources */ = {
			isa = PBXSourcesBuildPhase;
			buildActionMask = 2147483647;
			files = (
				A00100000000000000000001 /* AgentMonitorApp.swift in Sources */,
				A00200000000000000000001 /* MenuBarContentView.swift in Sources */,
				A10100000000000000000001 /* ListeningEndpoint.swift in Sources */,
				A10200000000000000000001 /* MonitoredProcess.swift in Sources */,
				A10300000000000000000001 /* MonitoredService.swift in Sources */,
				A10400000000000000000001 /* PortCollecting.swift in Sources */,
				A10500000000000000000001 /* LsofFieldParser.swift in Sources */,
				A10600000000000000000001 /* SystemCommandRunner.swift in Sources */,
				A10700000000000000000001 /* LsofPortCollector.swift in Sources */,
				A10800000000000000000001 /* DarwinProcessCollector.swift in Sources */,
				A10900000000000000000001 /* LaunchAgentCollector.swift in Sources */,
				A11000000000000000000001 /* ProjectResolver.swift in Sources */,
				A11100000000000000000001 /* ServiceDiscovery.swift in Sources */,
				A11200000000000000000001 /* MonitorStore.swift in Sources */,
				A11300000000000000000001 /* ServiceStopController.swift in Sources */,
			);
			runOnlyForDeploymentPostprocessing = 0;
		};
		D20100000000000000000001 /* Sources */ = {
			isa = PBXSourcesBuildPhase;
			buildActionMask = 2147483647;
			files = (
				A20100000000000000000001 /* LsofFieldParserTests.swift in Sources */,
				A20200000000000000000001 /* SystemCommandRunnerTests.swift in Sources */,
				A20300000000000000000001 /* LsofPortCollectorTests.swift in Sources */,
				A20400000000000000000001 /* DarwinProcessCollectorTests.swift in Sources */,
				A20500000000000000000001 /* LaunchAgentCollectorTests.swift in Sources */,
				A20600000000000000000001 /* ProjectResolverTests.swift in Sources */,
				A20700000000000000000001 /* ServiceDiscoveryTests.swift in Sources */,
				A20800000000000000000001 /* MonitorStoreTests.swift in Sources */,
				A20900000000000000000001 /* ServiceStopControllerTests.swift in Sources */,
			);
			runOnlyForDeploymentPostprocessing = 0;
		};
/* End PBXSourcesBuildPhase section */

/* Begin PBXTargetDependency section */
		K00100000000000000000001 /* PBXTargetDependency */ = {
			isa = PBXTargetDependency;
			target = E00100000000000000000001 /* AgentMonitor */;
			targetProxy = J00100000000000000000001 /* PBXContainerItemProxy */;
		};
/* End PBXTargetDependency section */

/* Begin XCBuildConfiguration section */
		G00100000000000000000001 /* Debug */ = {
			isa = XCBuildConfiguration;
			buildSettings = {
				ALWAYS_SEARCH_USER_PATHS = NO;
				CLANG_CXX_LANGUAGE_STANDARD = "gnu++20";
				CLANG_ENABLE_MODULES = YES;
				CLANG_ENABLE_OBJC_ARC = YES;
				COPY_PHASE_STRIP = NO;
				DEBUG_INFORMATION_FORMAT = dwarf;
				ENABLE_TESTABILITY = YES;
				GCC_C_LANGUAGE_STANDARD = gnu17;
				GCC_OPTIMIZATION_LEVEL = 0;
				MACOSX_DEPLOYMENT_TARGET = 14.0;
				ONLY_ACTIVE_ARCH = YES;
				SDKROOT = macosx;
				SWIFT_ACTIVE_COMPILATION_CONDITIONS = DEBUG;
				SWIFT_OPTIMIZATION_LEVEL = "-Onone";
			};
			name = Debug;
		};
		G00200000000000000000001 /* Release */ = {
			isa = XCBuildConfiguration;
			buildSettings = {
				ALWAYS_SEARCH_USER_PATHS = NO;
				CLANG_CXX_LANGUAGE_STANDARD = "gnu++20";
				CLANG_ENABLE_MODULES = YES;
				CLANG_ENABLE_OBJC_ARC = YES;
				COPY_PHASE_STRIP = YES;
				DEBUG_INFORMATION_FORMAT = "dwarf-with-dsym";
				GCC_C_LANGUAGE_STANDARD = gnu17;
				MACOSX_DEPLOYMENT_TARGET = 14.0;
				SDKROOT = macosx;
				SWIFT_COMPILATION_MODE = wholemodule;
		};
			name = Release;
		};
		G00300000000000000000001 /* Debug */ = {
			isa = XCBuildConfiguration;
			buildSettings = {
				CODE_SIGN_STYLE = Automatic;
				COMBINE_HIDPI_IMAGES = YES;
				CURRENT_PROJECT_VERSION = 1;
				ENABLE_APP_SANDBOX = NO;
				ENABLE_HARDENED_RUNTIME = YES;
				GENERATE_INFOPLIST_FILE = YES;
				INFOPLIST_KEY_LSApplicationCategoryType = "public.app-category.developer-tools";
				INFOPLIST_KEY_LSUIElement = YES;
				LD_RUNPATH_SEARCH_PATHS = (
					"$(inherited)",
					"@executable_path/../Frameworks",
				);
				MARKETING_VERSION = 0.1.0;
				PRODUCT_BUNDLE_IDENTIFIER = com.lumos.AgentMonitor;
				PRODUCT_NAME = "$(TARGET_NAME)";
				SWIFT_EMIT_LOC_STRINGS = YES;
				SWIFT_VERSION = 6.0;
			};
			name = Debug;
		};
		G00400000000000000000001 /* Release */ = {
			isa = XCBuildConfiguration;
			buildSettings = {
				CODE_SIGN_STYLE = Automatic;
				COMBINE_HIDPI_IMAGES = YES;
				CURRENT_PROJECT_VERSION = 1;
				ENABLE_APP_SANDBOX = NO;
				ENABLE_HARDENED_RUNTIME = YES;
				GENERATE_INFOPLIST_FILE = YES;
				INFOPLIST_KEY_LSApplicationCategoryType = "public.app-category.developer-tools";
				INFOPLIST_KEY_LSUIElement = YES;
				LD_RUNPATH_SEARCH_PATHS = (
					"$(inherited)",
					"@executable_path/../Frameworks",
				);
				MARKETING_VERSION = 0.1.0;
				PRODUCT_BUNDLE_IDENTIFIER = com.lumos.AgentMonitor;
				PRODUCT_NAME = "$(TARGET_NAME)";
				SWIFT_EMIT_LOC_STRINGS = YES;
				SWIFT_VERSION = 6.0;
			};
			name = Release;
		};
		G20100000000000000000001 /* Debug */ = {
			isa = XCBuildConfiguration;
			buildSettings = {
				BUNDLE_LOADER = "$(TEST_HOST)";
				CODE_SIGN_STYLE = Automatic;
				GENERATE_INFOPLIST_FILE = YES;
				MACOSX_DEPLOYMENT_TARGET = 14.0;
				PRODUCT_BUNDLE_IDENTIFIER = com.lumos.AgentMonitorTests;
				PRODUCT_NAME = "$(TARGET_NAME)";
				SWIFT_VERSION = 6.0;
				TEST_HOST = "$(BUILT_PRODUCTS_DIR)/AgentMonitor.app/Contents/MacOS/AgentMonitor";
			};
			name = Debug;
		};
		G20200000000000000000001 /* Release */ = {
			isa = XCBuildConfiguration;
			buildSettings = {
				BUNDLE_LOADER = "$(TEST_HOST)";
				CODE_SIGN_STYLE = Automatic;
				GENERATE_INFOPLIST_FILE = YES;
				MACOSX_DEPLOYMENT_TARGET = 14.0;
				PRODUCT_BUNDLE_IDENTIFIER = com.lumos.AgentMonitorTests;
				PRODUCT_NAME = "$(TARGET_NAME)";
				SWIFT_VERSION = 6.0;
				TEST_HOST = "$(BUILT_PRODUCTS_DIR)/AgentMonitor.app/Contents/MacOS/AgentMonitor";
			};
			name = Release;
		};
/* End XCBuildConfiguration section */

/* Begin XCConfigurationList section */
		H00100000000000000000001 /* Build configuration list for PBXProject "AgentMonitor" */ = {
			isa = XCConfigurationList;
			buildConfigurations = (
				G00100000000000000000001 /* Debug */,
				G00200000000000000000001 /* Release */,
			);
			defaultConfigurationIsVisible = 0;
			defaultConfigurationName = Release;
		};
		H00200000000000000000001 /* Build configuration list for PBXNativeTarget "AgentMonitor" */ = {
			isa = XCConfigurationList;
			buildConfigurations = (
				G00300000000000000000001 /* Debug */,
				G00400000000000000000001 /* Release */,
			);
			defaultConfigurationIsVisible = 0;
			defaultConfigurationName = Release;
		};
		H00300000000000000000001 /* Build configuration list for PBXNativeTarget "AgentMonitorTests" */ = {
			isa = XCConfigurationList;
			buildConfigurations = (
				G20100000000000000000001 /* Debug */,
				G20200000000000000000001 /* Release */,
			);
			defaultConfigurationIsVisible = 0;
			defaultConfigurationName = Release;
		};
/* End XCConfigurationList section */
	};
	rootObject = F00100000000000000000001 /* Project object */;
}
